
Microsoft Visual Studio Solution File, Format Version 12.00
# Visual Studio Version 17
VisualStudioVersion = 17.10.35122.118
MinimumVisualStudioVersion = 10.0.40219.1
Project("{8BC9CEB8-8B4A-11D0-8D11-00A0C91BC942}") = "Sandbox", "Sandbox\Sandbox.vcxproj", "{52FDBF7F-B140-466E-B712-59F6AD789461}"
EndProject
Project("{8BC9CEB8-8B4A-11D0-8D11-00A0C91BC942}") = "Hazel", "Hazel\Hazel.vcxproj", "{D1B7C1A8-2CD3-4481-B762-4F0A4BD780A8}"
EndProject
Global
	GlobalSection(SolutionConfigurationPlatforms) = preSolution
		Debug|x64 = Debug|x64
		Release|x64 = Release|x64
	EndGlobalSection
	GlobalSection(ProjectConfigurationPlatforms) = postSolution
		{52FDBF7F-B140-466E-B712-59F6AD789461}.Debug|x64.ActiveCfg = Debug|x64
		{52FDBF7F-B140-466E-B712-59F6AD789461}.Debug|x64.Build.0 = Debug|x64
		{52FDBF7F-B140-466E-B712-59F6AD789461}.Release|x64.ActiveCfg = Release|x64
		{52FDBF7F-B140-466E-B712-59F6AD789461}.Release|x64.Build.0 = Release|x64
		{D1B7C1A8-2CD3-4481-B762-4F0A4BD780A8}.Debug|x64.ActiveCfg = Debug|x64
		{D1B7C1A8-2CD3-4481-B762-4F0A4BD780A8}.Debug|x64.Build.0 = Debug|x64
		{D1B7C1A8-2CD3-4481-B762-4F0A4BD780A8}.Release|x64.ActiveCfg = Release|x64
		{D1B7C1A8-2CD3-4481-B762-4F0A4BD780A8}.Release|x64.Build.0 = Release|x64
	EndGlobalSection
	GlobalSection(SolutionProperties) = preSolution
		HideSolutionNode = FALSE
	EndGlobalSection
	GlobalSection(ExtensibilityGlobals) = postSolution
		SolutionGuid = {0B5B6835-002C-4D01-9194-5DEDA48373D2}
	EndGlobalSection
EndGlobal
